
Microsoft Visual Studio Solution File, Format Version 12.00
Project("{FAE04EC0-301F-11D3-BF4B-00C04F79EFBC}") = "FowCampaignApp", "FowCampaignApp\FowCampaignApp.csproj", "{A80809C3-D7DF-49EF-84B1-236CD5932912}"
EndProject
Project("{FAE04EC0-301F-11D3-BF4B-00C04F79EFBC}") = "FowCampaignFunctions", "FowCampaignFunctions\FowCampaignFunctions.csproj", "{592FEFD3-EA8B-4596-B815-1CA30757B7E8}"
EndProject
Global
	GlobalSection(SolutionConfigurationPlatforms) = preSolution
		Debug|Any CPU = Debug|Any CPU
		Release|Any CPU = Release|Any CPU
	EndGlobalSection
	GlobalSection(ProjectConfigurationPlatforms) = postSolution
		{A80809C3-D7DF-49EF-84B1-236CD5932912}.Debug|Any CPU.ActiveCfg = Debug|Any CPU
		{A80809C3-D7DF-49EF-84B1-236CD5932912}.Debug|Any CPU.Build.0 = Debug|Any CPU
		{A80809C3-D7DF-49EF-84B1-236CD5932912}.Release|Any CPU.ActiveCfg = Release|Any CPU
		{A80809C3-D7DF-49EF-84B1-236CD5932912}.Release|Any CPU.Build.0 = Release|Any CPU
		{592FEFD3-EA8B-4596-B815-1CA30757B7E8}.Debug|Any CPU.ActiveCfg = Debug|Any CPU
		{592FEFD3-EA8B-4596-B815-1CA30757B7E8}.Debug|Any CPU.Build.0 = Debug|Any CPU
		{592FEFD3-EA8B-4596-B815-1CA30757B7E8}.Release|Any CPU.ActiveCfg = Release|Any CPU
		{592FEFD3-EA8B-4596-B815-1CA30757B7E8}.Release|Any CPU.Build.0 = Release|Any CPU
	EndGlobalSection
EndGlobal
