
Microsoft Visual Studio Solution File, Format Version 12.00
Project("{FAE04EC0-301F-11D3-BF4B-00C04F79EFBC}") = "FowCampaign.App", "FowCampaign.App\FowCampaign.App.csproj", "{A80809C3-D7DF-49EF-84B1-236CD5932912}"
EndProject
Project("{FAE04EC0-301F-11D3-BF4B-00C04F79EFBC}") = "FowCampaign.Api", "FowCampaign.Api\FowCampaign.Api.csproj", "{C84F19D1-658A-4FB9-A852-939FB5633A16}"
EndProject
Global
	GlobalSection(SolutionConfigurationPlatforms) = preSolution
		Debug|Any CPU = Debug|Any CPU
		Release|Any CPU = Release|Any CPU
	EndGlobalSection
	GlobalSection(ProjectConfigurationPlatforms) = postSolution
		{A80809C3-D7DF-49EF-84B1-236CD5932912}.Debug|Any CPU.ActiveCfg = Debug|Any CPU
		{A80809C3-D7DF-49EF-84B1-236CD5932912}.Debug|Any CPU.Build.0 = Debug|Any CPU
		{A80809C3-D7DF-49EF-84B1-236CD5932912}.Release|Any CPU.ActiveCfg = Release|Any CPU
		{A80809C3-D7DF-49EF-84B1-236CD5932912}.Release|Any CPU.Build.0 = Release|Any CPU
		{C84F19D1-658A-4FB9-A852-939FB5633A16}.Debug|Any CPU.ActiveCfg = Debug|Any CPU
		{C84F19D1-658A-4FB9-A852-939FB5633A16}.Debug|Any CPU.Build.0 = Debug|Any CPU
		{C84F19D1-658A-4FB9-A852-939FB5633A16}.Release|Any CPU.ActiveCfg = Release|Any CPU
		{C84F19D1-658A-4FB9-A852-939FB5633A16}.Release|Any CPU.Build.0 = Release|Any CPU
	EndGlobalSection
EndGlobal
